// !$*UTF8*$!
{
	archiveVersion = 1;
	classes = {
	};
	objectVersion = 48;
	objects = {

/* Begin PBXBuildFile section */
		01241B911FB7B13C0043E206 /* PromotionModel.swift in Sources */ = {isa = PBXBuildFile; fileRef = 01241B901FB7B13C0043E206 /* PromotionModel.swift */; };
		01A8CFC31FAE6DD400520E5B /* Alamofire.framework in Frameworks */ = {isa = PBXBuildFile; fileRef = 01A8CFB31FAE6D3B00520E5B /* Alamofire.framework */; };
		01B340AA1FB7A00600717B25 /* CustomTableViewCell.xib in Resources */ = {isa = PBXBuildFile; fileRef = 01B340A21FB7A00600717B25 /* CustomTableViewCell.xib */; };
		DB530B721FC3765200FCB77D /* PromotionListDataSource.swift in Sources */ = {isa = PBXBuildFile; fileRef = DB530B711FC3765200FCB77D /* PromotionListDataSource.swift */; };
		DB530B741FC3766200FCB77D /* PromotionListDelegate.swift in Sources */ = {isa = PBXBuildFile; fileRef = DB530B731FC3766200FCB77D /* PromotionListDelegate.swift */; };
		DB5A4E671FCE812200DCDACA /* LoginPageController.swift in Sources */ = {isa = PBXBuildFile; fileRef = DB5A4E661FCE812200DCDACA /* LoginPageController.swift */; };
		DB5A4E691FCE814100DCDACA /* LoginPageProtocol.swift in Sources */ = {isa = PBXBuildFile; fileRef = DB5A4E681FCE814100DCDACA /* LoginPageProtocol.swift */; };
		DB5A4E6B1FCE815E00DCDACA /* LoginPageViewController.swift in Sources */ = {isa = PBXBuildFile; fileRef = DB5A4E6A1FCE815E00DCDACA /* LoginPageViewController.swift */; };
		DB5A4E6D1FCE81C800DCDACA /* PromotionList.storyboard in Resources */ = {isa = PBXBuildFile; fileRef = DB5A4E6C1FCE81C800DCDACA /* PromotionList.storyboard */; };
		DBBB28F21FBFD8A100922BB2 /* PromotionCell.swift in Sources */ = {isa = PBXBuildFile; fileRef = DBBB28F01FBFD8A100922BB2 /* PromotionCell.swift */; };
		DBBB28F31FBFD8A100922BB2 /* PromotionCell.xib in Resources */ = {isa = PBXBuildFile; fileRef = DBBB28F11FBFD8A100922BB2 /* PromotionCell.xib */; };
		DBBB28F51FBFDCA000922BB2 /* PromotionListViewController.swift in Sources */ = {isa = PBXBuildFile; fileRef = DBBB28F41FBFDCA000922BB2 /* PromotionListViewController.swift */; };
		DBBB28F71FBFE66F00922BB2 /* PromotionListModel.swift in Sources */ = {isa = PBXBuildFile; fileRef = DBBB28F61FBFE66F00922BB2 /* PromotionListModel.swift */; };
		DBECFB921F99DC9D0081C09A /* AppDelegate.swift in Sources */ = {isa = PBXBuildFile; fileRef = DBECFB911F99DC9D0081C09A /* AppDelegate.swift */; };
		DBECFB971F99DC9D0081C09A /* Main.storyboard in Resources */ = {isa = PBXBuildFile; fileRef = DBECFB951F99DC9D0081C09A /* Main.storyboard */; };
		DBECFB991F99DC9D0081C09A /* Assets.xcassets in Resources */ = {isa = PBXBuildFile; fileRef = DBECFB981F99DC9D0081C09A /* Assets.xcassets */; };
		DBECFB9C1F99DC9D0081C09A /* LaunchScreen.storyboard in Resources */ = {isa = PBXBuildFile; fileRef = DBECFB9A1F99DC9D0081C09A /* LaunchScreen.storyboard */; };
		DBECFBA41F99E93B0081C09A /* PromotionListProtocol.swift in Sources */ = {isa = PBXBuildFile; fileRef = DBECFBA31F99E93B0081C09A /* PromotionListProtocol.swift */; };
		DBECFBA61F99E95A0081C09A /* PromotionListController.swift in Sources */ = {isa = PBXBuildFile; fileRef = DBECFBA51F99E95A0081C09A /* PromotionListController.swift */; };
/* End PBXBuildFile section */

/* Begin PBXContainerItemProxy section */
		01A8CFB21FAE6D3B00520E5B /* PBXContainerItemProxy */ = {
			isa = PBXContainerItemProxy;
			containerPortal = 01A8CFA71FAE6D3B00520E5B /* Alamofire.xcodeproj */;
			proxyType = 2;
			remoteGlobalIDString = F8111E3319A95C8B0040E7D1;
			remoteInfo = "Alamofire iOS";
		};
		01A8CFB41FAE6D3B00520E5B /* PBXContainerItemProxy */ = {
			isa = PBXContainerItemProxy;
			containerPortal = 01A8CFA71FAE6D3B00520E5B /* Alamofire.xcodeproj */;
			proxyType = 2;
			remoteGlobalIDString = F8111E3E19A95C8B0040E7D1;
			remoteInfo = "Alamofire iOS Tests";
		};
		01A8CFB61FAE6D3B00520E5B /* PBXContainerItemProxy */ = {
			isa = PBXContainerItemProxy;
			containerPortal = 01A8CFA71FAE6D3B00520E5B /* Alamofire.xcodeproj */;
			proxyType = 2;
			remoteGlobalIDString = 4DD67C0B1A5C55C900ED2280;
			remoteInfo = "Alamofire macOS";
		};
		01A8CFB81FAE6D3B00520E5B /* PBXContainerItemProxy */ = {
			isa = PBXContainerItemProxy;
			containerPortal = 01A8CFA71FAE6D3B00520E5B /* Alamofire.xcodeproj */;
			proxyType = 2;
			remoteGlobalIDString = F829C6B21A7A94F100A2CD59;
			remoteInfo = "Alamofire macOS Tests";
		};
		01A8CFBA1FAE6D3B00520E5B /* PBXContainerItemProxy */ = {
			isa = PBXContainerItemProxy;
			containerPortal = 01A8CFA71FAE6D3B00520E5B /* Alamofire.xcodeproj */;
			proxyType = 2;
			remoteGlobalIDString = 4CF626EF1BA7CB3E0011A099;
			remoteInfo = "Alamofire tvOS";
		};
		01A8CFBC1FAE6D3B00520E5B /* PBXContainerItemProxy */ = {
			isa = PBXContainerItemProxy;
			containerPortal = 01A8CFA71FAE6D3B00520E5B /* Alamofire.xcodeproj */;
			proxyType = 2;
			remoteGlobalIDString = 4CF626F81BA7CB3E0011A099;
			remoteInfo = "Alamofire tvOS Tests";
		};
		01A8CFBE1FAE6D3B00520E5B /* PBXContainerItemProxy */ = {
			isa = PBXContainerItemProxy;
			containerPortal = 01A8CFA71FAE6D3B00520E5B /* Alamofire.xcodeproj */;
			proxyType = 2;
			remoteGlobalIDString = E4202FE01B667AA100C997FB;
			remoteInfo = "Alamofire watchOS";
		};
		01A8CFC01FAE6D5F00520E5B /* PBXContainerItemProxy */ = {
			isa = PBXContainerItemProxy;
			containerPortal = 01A8CFA71FAE6D3B00520E5B /* Alamofire.xcodeproj */;
			proxyType = 1;
			remoteGlobalIDString = F8111E3219A95C8B0040E7D1;
			remoteInfo = "Alamofire iOS";
		};
/* End PBXContainerItemProxy section */

/* Begin PBXFileReference section */
		01241B901FB7B13C0043E206 /* PromotionModel.swift */ = {isa = PBXFileReference; lastKnownFileType = sourcecode.swift; path = PromotionModel.swift; sourceTree = "<group>"; };
		01A8CFA71FAE6D3B00520E5B /* Alamofire.xcodeproj */ = {isa = PBXFileReference; lastKnownFileType = "wrapper.pb-project"; name = Alamofire.xcodeproj; path = ../../Alamofire/Alamofire.xcodeproj; sourceTree = "<group>"; };
		01B340A21FB7A00600717B25 /* CustomTableViewCell.xib */ = {isa = PBXFileReference; fileEncoding = 4; lastKnownFileType = file.xib; path = CustomTableViewCell.xib; sourceTree = "<group>"; };
		DB530B711FC3765200FCB77D /* PromotionListDataSource.swift */ = {isa = PBXFileReference; lastKnownFileType = sourcecode.swift; path = PromotionListDataSource.swift; sourceTree = "<group>"; };
		DB530B731FC3766200FCB77D /* PromotionListDelegate.swift */ = {isa = PBXFileReference; lastKnownFileType = sourcecode.swift; path = PromotionListDelegate.swift; sourceTree = "<group>"; };
		DB5A4E661FCE812200DCDACA /* LoginPageController.swift */ = {isa = PBXFileReference; lastKnownFileType = sourcecode.swift; path = LoginPageController.swift; sourceTree = "<group>"; };
		DB5A4E681FCE814100DCDACA /* LoginPageProtocol.swift */ = {isa = PBXFileReference; lastKnownFileType = sourcecode.swift; path = LoginPageProtocol.swift; sourceTree = "<group>"; };
		DB5A4E6A1FCE815E00DCDACA /* LoginPageViewController.swift */ = {isa = PBXFileReference; lastKnownFileType = sourcecode.swift; path = LoginPageViewController.swift; sourceTree = "<group>"; };
		DB5A4E6C1FCE81C800DCDACA /* PromotionList.storyboard */ = {isa = PBXFileReference; lastKnownFileType = file.storyboard; path = PromotionList.storyboard; sourceTree = "<group>"; };
		DBBB28F01FBFD8A100922BB2 /* PromotionCell.swift */ = {isa = PBXFileReference; lastKnownFileType = sourcecode.swift; path = PromotionCell.swift; sourceTree = "<group>"; };
		DBBB28F11FBFD8A100922BB2 /* PromotionCell.xib */ = {isa = PBXFileReference; lastKnownFileType = file.xib; path = PromotionCell.xib; sourceTree = "<group>"; };
		DBBB28F41FBFDCA000922BB2 /* PromotionListViewController.swift */ = {isa = PBXFileReference; fileEncoding = 4; lastKnownFileType = sourcecode.swift; path = PromotionListViewController.swift; sourceTree = "<group>"; };
		DBBB28F61FBFE66F00922BB2 /* PromotionListModel.swift */ = {isa = PBXFileReference; lastKnownFileType = sourcecode.swift; path = PromotionListModel.swift; sourceTree = "<group>"; };
		DBECFB8E1F99DC9D0081C09A /* PlateiOS.app */ = {isa = PBXFileReference; explicitFileType = wrapper.application; includeInIndex = 0; path = PlateiOS.app; sourceTree = BUILT_PRODUCTS_DIR; };
		DBECFB911F99DC9D0081C09A /* AppDelegate.swift */ = {isa = PBXFileReference; lastKnownFileType = sourcecode.swift; path = AppDelegate.swift; sourceTree = "<group>"; };
		DBECFB961F99DC9D0081C09A /* Base */ = {isa = PBXFileReference; lastKnownFileType = file.storyboard; name = Base; path = Base.lproj/Main.storyboard; sourceTree = "<group>"; };
		DBECFB981F99DC9D0081C09A /* Assets.xcassets */ = {isa = PBXFileReference; lastKnownFileType = folder.assetcatalog; path = Assets.xcassets; sourceTree = "<group>"; };
		DBECFB9B1F99DC9D0081C09A /* Base */ = {isa = PBXFileReference; lastKnownFileType = file.storyboard; name = Base; path = Base.lproj/LaunchScreen.storyboard; sourceTree = "<group>"; };
		DBECFB9D1F99DC9D0081C09A /* Info.plist */ = {isa = PBXFileReference; lastKnownFileType = text.plist.xml; path = Info.plist; sourceTree = "<group>"; };
		DBECFBA31F99E93B0081C09A /* PromotionListProtocol.swift */ = {isa = PBXFileReference; lastKnownFileType = sourcecode.swift; path = PromotionListProtocol.swift; sourceTree = "<group>"; };
		DBECFBA51F99E95A0081C09A /* PromotionListController.swift */ = {isa = PBXFileReference; lastKnownFileType = sourcecode.swift; path = PromotionListController.swift; sourceTree = "<group>"; };
/* End PBXFileReference section */

/* Begin PBXFrameworksBuildPhase section */
		DBECFB8B1F99DC9D0081C09A /* Frameworks */ = {
			isa = PBXFrameworksBuildPhase;
			buildActionMask = 2147483647;
			files = (
				01A8CFC31FAE6DD400520E5B /* Alamofire.framework in Frameworks */,
			);
			runOnlyForDeploymentPostprocessing = 0;
		};
/* End PBXFrameworksBuildPhase section */

/* Begin PBXGroup section */
		0110FB7D1FAE4E2C00801C9A /* PromotionList */ = {
			isa = PBXGroup;
			children = (
				DBBB28ED1FBFD84100922BB2 /* Cell */,
				DBBB28F41FBFDCA000922BB2 /* PromotionListViewController.swift */,
				01241B901FB7B13C0043E206 /* PromotionModel.swift */,
				DBBB28F61FBFE66F00922BB2 /* PromotionListModel.swift */,
				DBECFBA51F99E95A0081C09A /* PromotionListController.swift */,
				DBECFBA31F99E93B0081C09A /* PromotionListProtocol.swift */,
				DB530B711FC3765200FCB77D /* PromotionListDataSource.swift */,
				DB530B731FC3766200FCB77D /* PromotionListDelegate.swift */,
				DB5A4E6C1FCE81C800DCDACA /* PromotionList.storyboard */,
			);
			path = PromotionList;
			sourceTree = "<group>";
		};
		01A8CFA41FAE6CC500520E5B /* Kits */ = {
			isa = PBXGroup;
			children = (
				01A8CFA71FAE6D3B00520E5B /* Alamofire.xcodeproj */,
			);
			path = Kits;
			sourceTree = "<group>";
		};
		01A8CFA81FAE6D3B00520E5B /* Products */ = {
			isa = PBXGroup;
			children = (
				01A8CFB31FAE6D3B00520E5B /* Alamofire.framework */,
				01A8CFB51FAE6D3B00520E5B /* Alamofire iOS Tests.xctest */,
				01A8CFB71FAE6D3B00520E5B /* Alamofire.framework */,
				01A8CFB91FAE6D3B00520E5B /* Alamofire macOS Tests.xctest */,
				01A8CFBB1FAE6D3B00520E5B /* Alamofire.framework */,
				01A8CFBD1FAE6D3B00520E5B /* Alamofire tvOS Tests.xctest */,
				01A8CFBF1FAE6D3B00520E5B /* Alamofire.framework */,
			);
			name = Products;
			sourceTree = "<group>";
		};
		01A8CFC21FAE6DD400520E5B /* Frameworks */ = {
			isa = PBXGroup;
			children = (
			);
			name = Frameworks;
			sourceTree = "<group>";
		};
		DB5A4E651FCE804800DCDACA /* LoginPage */ = {
			isa = PBXGroup;
			children = (
				DB5A4E661FCE812200DCDACA /* LoginPageController.swift */,
				DB5A4E681FCE814100DCDACA /* LoginPageProtocol.swift */,
				DB5A4E6A1FCE815E00DCDACA /* LoginPageViewController.swift */,
			);
			path = LoginPage;
			sourceTree = "<group>";
		};
		DBBB28ED1FBFD84100922BB2 /* Cell */ = {
			isa = PBXGroup;
			children = (
				DBBB28F01FBFD8A100922BB2 /* PromotionCell.swift */,
				DBBB28F11FBFD8A100922BB2 /* PromotionCell.xib */,
			);
			path = Cell;
			sourceTree = "<group>";
		};
		DBECFB851F99DC9D0081C09A = {
			isa = PBXGroup;
			children = (
				DBECFB901F99DC9D0081C09A /* PlateiOS */,
				DBECFB8F1F99DC9D0081C09A /* Products */,
				01A8CFA41FAE6CC500520E5B /* Kits */,
				01A8CFC21FAE6DD400520E5B /* Frameworks */,
			);
			sourceTree = "<group>";
		};
		DBECFB8F1F99DC9D0081C09A /* Products */ = {
			isa = PBXGroup;
			children = (
				DBECFB8E1F99DC9D0081C09A /* PlateiOS.app */,
			);
			name = Products;
			sourceTree = "<group>";
		};
		DBECFB901F99DC9D0081C09A /* PlateiOS */ = {
			isa = PBXGroup;
			children = (
				DB5A4E651FCE804800DCDACA /* LoginPage */,
				0110FB7D1FAE4E2C00801C9A /* PromotionList */,
				DBECFB911F99DC9D0081C09A /* AppDelegate.swift */,
				DBECFB951F99DC9D0081C09A /* Main.storyboard */,
				DBECFB981F99DC9D0081C09A /* Assets.xcassets */,
				DBECFB9A1F99DC9D0081C09A /* LaunchScreen.storyboard */,
				DBECFB9D1F99DC9D0081C09A /* Info.plist */,
				01B340A21FB7A00600717B25 /* CustomTableViewCell.xib */,
			);
			path = PlateiOS;
			sourceTree = "<group>";
		};
/* End PBXGroup section */

/* Begin PBXNativeTarget section */
		DBECFB8D1F99DC9D0081C09A /* PlateiOS */ = {
			isa = PBXNativeTarget;
			buildConfigurationList = DBECFBA01F99DC9D0081C09A /* Build configuration list for PBXNativeTarget "PlateiOS" */;
			buildPhases = (
				DBECFB8A1F99DC9D0081C09A /* Sources */,
				DBECFB8B1F99DC9D0081C09A /* Frameworks */,
				DBECFB8C1F99DC9D0081C09A /* Resources */,
			);
			buildRules = (
			);
			dependencies = (
				01A8CFC11FAE6D5F00520E5B /* PBXTargetDependency */,
			);
			name = PlateiOS;
			productName = PlateiOS;
			productReference = DBECFB8E1F99DC9D0081C09A /* PlateiOS.app */;
			productType = "com.apple.product-type.application";
		};
/* End PBXNativeTarget section */

/* Begin PBXProject section */
		DBECFB861F99DC9D0081C09A /* Project object */ = {
			isa = PBXProject;
			attributes = {
				LastSwiftUpdateCheck = 0900;
				LastUpgradeCheck = 0900;
				ORGANIZATIONNAME = "Renner Leite Lucena";
				TargetAttributes = {
					DBECFB8D1F99DC9D0081C09A = {
						CreatedOnToolsVersion = 9.0;
						ProvisioningStyle = Automatic;
					};
				};
			};
			buildConfigurationList = DBECFB891F99DC9D0081C09A /* Build configuration list for PBXProject "PlateiOS" */;
			compatibilityVersion = "Xcode 8.0";
			developmentRegion = en;
			hasScannedForEncodings = 0;
			knownRegions = (
				en,
				Base,
			);
			mainGroup = DBECFB851F99DC9D0081C09A;
			productRefGroup = DBECFB8F1F99DC9D0081C09A /* Products */;
			projectDirPath = "";
			projectReferences = (
				{
					ProductGroup = 01A8CFA81FAE6D3B00520E5B /* Products */;
					ProjectRef = 01A8CFA71FAE6D3B00520E5B /* Alamofire.xcodeproj */;
				},
			);
			projectRoot = "";
			targets = (
				DBECFB8D1F99DC9D0081C09A /* PlateiOS */,
			);
		};
/* End PBXProject section */

/* Begin PBXReferenceProxy section */
		01A8CFB31FAE6D3B00520E5B /* Alamofire.framework */ = {
			isa = PBXReferenceProxy;
			fileType = wrapper.framework;
			path = Alamofire.framework;
			remoteRef = 01A8CFB21FAE6D3B00520E5B /* PBXContainerItemProxy */;
			sourceTree = BUILT_PRODUCTS_DIR;
		};
		01A8CFB51FAE6D3B00520E5B /* Alamofire iOS Tests.xctest */ = {
			isa = PBXReferenceProxy;
			fileType = wrapper.cfbundle;
			path = "Alamofire iOS Tests.xctest";
			remoteRef = 01A8CFB41FAE6D3B00520E5B /* PBXContainerItemProxy */;
			sourceTree = BUILT_PRODUCTS_DIR;
		};
		01A8CFB71FAE6D3B00520E5B /* Alamofire.framework */ = {
			isa = PBXReferenceProxy;
			fileType = wrapper.framework;
			path = Alamofire.framework;
			remoteRef = 01A8CFB61FAE6D3B00520E5B /* PBXContainerItemProxy */;
			sourceTree = BUILT_PRODUCTS_DIR;
		};
		01A8CFB91FAE6D3B00520E5B /* Alamofire macOS Tests.xctest */ = {
			isa = PBXReferenceProxy;
			fileType = wrapper.cfbundle;
			path = "Alamofire macOS Tests.xctest";
			remoteRef = 01A8CFB81FAE6D3B00520E5B /* PBXContainerItemProxy */;
			sourceTree = BUILT_PRODUCTS_DIR;
		};
		01A8CFBB1FAE6D3B00520E5B /* Alamofire.framework */ = {
			isa = PBXReferenceProxy;
			fileType = wrapper.framework;
			path = Alamofire.framework;
			remoteRef = 01A8CFBA1FAE6D3B00520E5B /* PBXContainerItemProxy */;
			sourceTree = BUILT_PRODUCTS_DIR;
		};
		01A8CFBD1FAE6D3B00520E5B /* Alamofire tvOS Tests.xctest */ = {
			isa = PBXReferenceProxy;
			fileType = wrapper.cfbundle;
			path = "Alamofire tvOS Tests.xctest";
			remoteRef = 01A8CFBC1FAE6D3B00520E5B /* PBXContainerItemProxy */;
			sourceTree = BUILT_PRODUCTS_DIR;
		};
		01A8CFBF1FAE6D3B00520E5B /* Alamofire.framework */ = {
			isa = PBXReferenceProxy;
			fileType = wrapper.framework;
			path = Alamofire.framework;
			remoteRef = 01A8CFBE1FAE6D3B00520E5B /* PBXContainerItemProxy */;
			sourceTree = BUILT_PRODUCTS_DIR;
		};
/* End PBXReferenceProxy section */

/* Begin PBXResourcesBuildPhase section */
		DBECFB8C1F99DC9D0081C09A /* Resources */ = {
			isa = PBXResourcesBuildPhase;
			buildActionMask = 2147483647;
			files = (
				DBBB28F31FBFD8A100922BB2 /* PromotionCell.xib in Resources */,
				DBECFB9C1F99DC9D0081C09A /* LaunchScreen.storyboard in Resources */,
				DB5A4E6D1FCE81C800DCDACA /* PromotionList.storyboard in Resources */,
				DBECFB991F99DC9D0081C09A /* Assets.xcassets in Resources */,
				01B340AA1FB7A00600717B25 /* CustomTableViewCell.xib in Resources */,
				DBECFB971F99DC9D0081C09A /* Main.storyboard in Resources */,
			);
			runOnlyForDeploymentPostprocessing = 0;
		};
/* End PBXResourcesBuildPhase section */

/* Begin PBXSourcesBuildPhase section */
		DBECFB8A1F99DC9D0081C09A /* Sources */ = {
			isa = PBXSourcesBuildPhase;
			buildActionMask = 2147483647;
			files = (
				DB5A4E671FCE812200DCDACA /* LoginPageController.swift in Sources */,
				DBBB28F71FBFE66F00922BB2 /* PromotionListModel.swift in Sources */,
				DBECFB921F99DC9D0081C09A /* AppDelegate.swift in Sources */,
				DB5A4E691FCE814100DCDACA /* LoginPageProtocol.swift in Sources */,
				DBBB28F21FBFD8A100922BB2 /* PromotionCell.swift in Sources */,
				DBBB28F51FBFDCA000922BB2 /* PromotionListViewController.swift in Sources */,
				DBECFBA61F99E95A0081C09A /* PromotionListController.swift in Sources */,
				DB530B741FC3766200FCB77D /* PromotionListDelegate.swift in Sources */,
				DBECFBA41F99E93B0081C09A /* PromotionListProtocol.swift in Sources */,
				DB5A4E6B1FCE815E00DCDACA /* LoginPageViewController.swift in Sources */,
				DB530B721FC3765200FCB77D /* PromotionListDataSource.swift in Sources */,
				01241B911FB7B13C0043E206 /* PromotionModel.swift in Sources */,
			);
			runOnlyForDeploymentPostprocessing = 0;
		};
/* End PBXSourcesBuildPhase section */

/* Begin PBXTargetDependency section */
		01A8CFC11FAE6D5F00520E5B /* PBXTargetDependency */ = {
			isa = PBXTargetDependency;
			name = "Alamofire iOS";
			targetProxy = 01A8CFC01FAE6D5F00520E5B /* PBXContainerItemProxy */;
		};
/* End PBXTargetDependency section */

/* Begin PBXVariantGroup section */
		DBECFB951F99DC9D0081C09A /* Main.storyboard */ = {
			isa = PBXVariantGroup;
			children = (
				DBECFB961F99DC9D0081C09A /* Base */,
			);
			name = Main.storyboard;
			sourceTree = "<group>";
		};
		DBECFB9A1F99DC9D0081C09A /* LaunchScreen.storyboard */ = {
			isa = PBXVariantGroup;
			children = (
				DBECFB9B1F99DC9D0081C09A /* Base */,
			);
			name = LaunchScreen.storyboard;
			sourceTree = "<group>";
		};
/* End PBXVariantGroup section */

/* Begin XCBuildConfiguration section */
		DBECFB9E1F99DC9D0081C09A /* Debug */ = {
			isa = XCBuildConfiguration;
			buildSettings = {
				ALWAYS_SEARCH_USER_PATHS = NO;
				CLANG_ANALYZER_NONNULL = YES;
				CLANG_ANALYZER_NUMBER_OBJECT_CONVERSION = YES_AGGRESSIVE;
				CLANG_CXX_LANGUAGE_STANDARD = "gnu++14";
				CLANG_CXX_LIBRARY = "libc++";
				CLANG_ENABLE_MODULES = YES;
				CLANG_ENABLE_OBJC_ARC = YES;
				CLANG_WARN_BLOCK_CAPTURE_AUTORELEASING = YES;
				CLANG_WARN_BOOL_CONVERSION = YES;
				CLANG_WARN_COMMA = YES;
				CLANG_WARN_CONSTANT_CONVERSION = YES;
				CLANG_WARN_DIRECT_OBJC_ISA_USAGE = YES_ERROR;
				CLANG_WARN_DOCUMENTATION_COMMENTS = YES;
				CLANG_WARN_EMPTY_BODY = YES;
				CLANG_WARN_ENUM_CONVERSION = YES;
				CLANG_WARN_INFINITE_RECURSION = YES;
				CLANG_WARN_INT_CONVERSION = YES;
				CLANG_WARN_NON_LITERAL_NULL_CONVERSION = YES;
				CLANG_WARN_OBJC_LITERAL_CONVERSION = YES;
				CLANG_WARN_OBJC_ROOT_CLASS = YES_ERROR;
				CLANG_WARN_RANGE_LOOP_ANALYSIS = YES;
				CLANG_WARN_STRICT_PROTOTYPES = YES;
				CLANG_WARN_SUSPICIOUS_MOVE = YES;
				CLANG_WARN_UNGUARDED_AVAILABILITY = YES_AGGRESSIVE;
				CLANG_WARN_UNREACHABLE_CODE = YES;
				CLANG_WARN__DUPLICATE_METHOD_MATCH = YES;
				CODE_SIGN_IDENTITY = "iPhone Developer";
				COPY_PHASE_STRIP = NO;
				DEBUG_INFORMATION_FORMAT = dwarf;
				ENABLE_STRICT_OBJC_MSGSEND = YES;
				ENABLE_TESTABILITY = YES;
				GCC_C_LANGUAGE_STANDARD = gnu11;
				GCC_DYNAMIC_NO_PIC = NO;
				GCC_NO_COMMON_BLOCKS = YES;
				GCC_OPTIMIZATION_LEVEL = 0;
				GCC_PREPROCESSOR_DEFINITIONS = (
					"DEBUG=1",
					"$(inherited)",
				);
				GCC_WARN_64_TO_32_BIT_CONVERSION = YES;
				GCC_WARN_ABOUT_RETURN_TYPE = YES_ERROR;
				GCC_WARN_UNDECLARED_SELECTOR = YES;
				GCC_WARN_UNINITIALIZED_AUTOS = YES_AGGRESSIVE;
				GCC_WARN_UNUSED_FUNCTION = YES;
				GCC_WARN_UNUSED_VARIABLE = YES;
				IPHONEOS_DEPLOYMENT_TARGET = 11.0;
				MTL_ENABLE_DEBUG_INFO = YES;
				ONLY_ACTIVE_ARCH = YES;
				SDKROOT = iphoneos;
				SWIFT_ACTIVE_COMPILATION_CONDITIONS = DEBUG;
				SWIFT_OPTIMIZATION_LEVEL = "-Onone";
			};
			name = Debug;
		};
		DBECFB9F1F99DC9D0081C09A /* Release */ = {
			isa = XCBuildConfiguration;
			buildSettings = {
				ALWAYS_SEARCH_USER_PATHS = NO;
				CLANG_ANALYZER_NONNULL = YES;
				CLANG_ANALYZER_NUMBER_OBJECT_CONVERSION = YES_AGGRESSIVE;
				CLANG_CXX_LANGUAGE_STANDARD = "gnu++14";
				CLANG_CXX_LIBRARY = "libc++";
				CLANG_ENABLE_MODULES = YES;
				CLANG_ENABLE_OBJC_ARC = YES;
				CLANG_WARN_BLOCK_CAPTURE_AUTORELEASING = YES;
				CLANG_WARN_BOOL_CONVERSION = YES;
				CLANG_WARN_COMMA = YES;
				CLANG_WARN_CONSTANT_CONVERSION = YES;
				CLANG_WARN_DIRECT_OBJC_ISA_USAGE = YES_ERROR;
				CLANG_WARN_DOCUMENTATION_COMMENTS = YES;
				CLANG_WARN_EMPTY_BODY = YES;
				CLANG_WARN_ENUM_CONVERSION = YES;
				CLANG_WARN_INFINITE_RECURSION = YES;
				CLANG_WARN_INT_CONVERSION = YES;
				CLANG_WARN_NON_LITERAL_NULL_CONVERSION = YES;
				CLANG_WARN_OBJC_LITERAL_CONVERSION = YES;
				CLANG_WARN_OBJC_ROOT_CLASS = YES_ERROR;
				CLANG_WARN_RANGE_LOOP_ANALYSIS = YES;
				CLANG_WARN_STRICT_PROTOTYPES = YES;
				CLANG_WARN_SUSPICIOUS_MOVE = YES;
				CLANG_WARN_UNGUARDED_AVAILABILITY = YES_AGGRESSIVE;
				CLANG_WARN_UNREACHABLE_CODE = YES;
				CLANG_WARN__DUPLICATE_METHOD_MATCH = YES;
				CODE_SIGN_IDENTITY = "iPhone Developer";
				COPY_PHASE_STRIP = NO;
				DEBUG_INFORMATION_FORMAT = "dwarf-with-dsym";
				ENABLE_NS_ASSERTIONS = NO;
				ENABLE_STRICT_OBJC_MSGSEND = YES;
				GCC_C_LANGUAGE_STANDARD = gnu11;
				GCC_NO_COMMON_BLOCKS = YES;
				GCC_WARN_64_TO_32_BIT_CONVERSION = YES;
				GCC_WARN_ABOUT_RETURN_TYPE = YES_ERROR;
				GCC_WARN_UNDECLARED_SELECTOR = YES;
				GCC_WARN_UNINITIALIZED_AUTOS = YES_AGGRESSIVE;
				GCC_WARN_UNUSED_FUNCTION = YES;
				GCC_WARN_UNUSED_VARIABLE = YES;
				IPHONEOS_DEPLOYMENT_TARGET = 11.0;
				MTL_ENABLE_DEBUG_INFO = NO;
				SDKROOT = iphoneos;
				SWIFT_OPTIMIZATION_LEVEL = "-Owholemodule";
				VALIDATE_PRODUCT = YES;
			};
			name = Release;
		};
		DBECFBA11F99DC9D0081C09A /* Debug */ = {
			isa = XCBuildConfiguration;
			buildSettings = {
				ASSETCATALOG_COMPILER_APPICON_NAME = AppIcon;
				CODE_SIGN_STYLE = Automatic;
				INFOPLIST_FILE = PlateiOS/Info.plist;
				LD_RUNPATH_SEARCH_PATHS = "$(inherited) @executable_path/Frameworks";
				PRODUCT_BUNDLE_IDENTIFIER = com.plate.PlateiOS;
				PRODUCT_NAME = "$(TARGET_NAME)";
				SWIFT_VERSION = 4.0;
				TARGETED_DEVICE_FAMILY = "1,2";
			};
			name = Debug;
		};
		DBECFBA21F99DC9D0081C09A /* Release */ = {
			isa = XCBuildConfiguration;
			buildSettings = {
				ASSETCATALOG_COMPILER_APPICON_NAME = AppIcon;
				CODE_SIGN_STYLE = Automatic;
				INFOPLIST_FILE = PlateiOS/Info.plist;
				LD_RUNPATH_SEARCH_PATHS = "$(inherited) @executable_path/Frameworks";
				PRODUCT_BUNDLE_IDENTIFIER = com.plate.PlateiOS;
				PRODUCT_NAME = "$(TARGET_NAME)";
				SWIFT_VERSION = 4.0;
				TARGETED_DEVICE_FAMILY = "1,2";
			};
			name = Release;
		};
/* End XCBuildConfiguration section */

/* Begin XCConfigurationList section */
		DBECFB891F99DC9D0081C09A /* Build configuration list for PBXProject "PlateiOS" */ = {
			isa = XCConfigurationList;
			buildConfigurations = (
				DBECFB9E1F99DC9D0081C09A /* Debug */,
				DBECFB9F1F99DC9D0081C09A /* Release */,
			);
			defaultConfigurationIsVisible = 0;
			defaultConfigurationName = Release;
		};
		DBECFBA01F99DC9D0081C09A /* Build configuration list for PBXNativeTarget "PlateiOS" */ = {
			isa = XCConfigurationList;
			buildConfigurations = (
				DBECFBA11F99DC9D0081C09A /* Debug */,
				DBECFBA21F99DC9D0081C09A /* Release */,
			);
			defaultConfigurationIsVisible = 0;
			defaultConfigurationName = Release;
		};
/* End XCConfigurationList section */
	};
	rootObject = DBECFB861F99DC9D0081C09A /* Project object */;
}
